// !$*UTF8*$!
{
	archiveVersion = 1;
	classes = {
	};
	objectVersion = 50;
	objects = {

/* Begin PBXBuildFile section */
		4B7EE76A24E3EC1C00696862 /* AppDelegate.m in Sources */ = {isa = PBXBuildFile; fileRef = 4B7EE76924E3EC1C00696862 /* AppDelegate.m */; };
		4B7EE76D24E3EC1C00696862 /* SceneDelegate.m in Sources */ = {isa = PBXBuildFile; fileRef = 4B7EE76C24E3EC1C00696862 /* SceneDelegate.m */; };
		4B7EE77024E3EC1C00696862 /* ViewController.m in Sources */ = {isa = PBXBuildFile; fileRef = 4B7EE76F24E3EC1C00696862 /* ViewController.m */; };
		4B7EE77324E3EC1C00696862 /* Main.storyboard in Resources */ = {isa = PBXBuildFile; fileRef = 4B7EE77124E3EC1C00696862 /* Main.storyboard */; };
		4B7EE77524E3EC2100696862 /* Assets.xcassets in Resources */ = {isa = PBXBuildFile; fileRef = 4B7EE77424E3EC2100696862 /* Assets.xcassets */; };
		4B7EE77824E3EC2100696862 /* LaunchScreen.storyboard in Resources */ = {isa = PBXBuildFile; fileRef = 4B7EE77624E3EC2100696862 /* LaunchScreen.storyboard */; };
		4B7EE77B24E3EC2100696862 /* main.m in Sources */ = {isa = PBXBuildFile; fileRef = 4B7EE77A24E3EC2100696862 /* main.m */; };
		4B831DC124E4F2E8001D2023 /* hunan.txt in Resources */ = {isa = PBXBuildFile; fileRef = 4B831DC024E4F2E8001D2023 /* hunan.txt */; };
		CAB69886B6D9FDE58719705D /* libPods-gitDemo.a in Frameworks */ = {isa = PBXBuildFile; fileRef = 4FFD838023ECFBE11D966043 /* libPods-gitDemo.a */; };
/* End PBXBuildFile section */

/* Begin PBXFileReference section */
		0BB19EA6A486D25C6CD82822 /* Pods-gitDemo.debug.xcconfig */ = {isa = PBXFileReference; includeInIndex = 1; lastKnownFileType = text.xcconfig; name = "Pods-gitDemo.debug.xcconfig"; path = "Target Support Files/Pods-gitDemo/Pods-gitDemo.debug.xcconfig"; sourceTree = "<group>"; };
		4B7EE76524E3EC1C00696862 /* gitDemo.app */ = {isa = PBXFileReference; explicitFileType = wrapper.application; includeInIndex = 0; path = gitDemo.app; sourceTree = BUILT_PRODUCTS_DIR; };
		4B7EE76824E3EC1C00696862 /* AppDelegate.h */ = {isa = PBXFileReference; lastKnownFileType = sourcecode.c.h; path = AppDelegate.h; sourceTree = "<group>"; };
		4B7EE76924E3EC1C00696862 /* AppDelegate.m */ = {isa = PBXFileReference; lastKnownFileType = sourcecode.c.objc; path = AppDelegate.m; sourceTree = "<group>"; };
		4B7EE76B24E3EC1C00696862 /* SceneDelegate.h */ = {isa = PBXFileReference; lastKnownFileType = sourcecode.c.h; path = SceneDelegate.h; sourceTree = "<group>"; };
		4B7EE76C24E3EC1C00696862 /* SceneDelegate.m */ = {isa = PBXFileReference; lastKnownFileType = sourcecode.c.objc; path = SceneDelegate.m; sourceTree = "<group>"; };
		4B7EE76E24E3EC1C00696862 /* ViewController.h */ = {isa = PBXFileReference; lastKnownFileType = sourcecode.c.h; path = ViewController.h; sourceTree = "<group>"; };
		4B7EE76F24E3EC1C00696862 /* ViewController.m */ = {isa = PBXFileReference; lastKnownFileType = sourcecode.c.objc; path = ViewController.m; sourceTree = "<group>"; };
		4B7EE77224E3EC1C00696862 /* Base */ = {isa = PBXFileReference; lastKnownFileType = file.storyboard; name = Base; path = Base.lproj/Main.storyboard; sourceTree = "<group>"; };
		4B7EE77424E3EC2100696862 /* Assets.xcassets */ = {isa = PBXFileReference; lastKnownFileType = folder.assetcatalog; path = Assets.xcassets; sourceTree = "<group>"; };
		4B7EE77724E3EC2100696862 /* Base */ = {isa = PBXFileReference; lastKnownFileType = file.storyboard; name = Base; path = Base.lproj/LaunchScreen.storyboard; sourceTree = "<group>"; };
		4B7EE77924E3EC2100696862 /* Info.plist */ = {isa = PBXFileReference; lastKnownFileType = text.plist.xml; path = Info.plist; sourceTree = "<group>"; };
		4B7EE77A24E3EC2100696862 /* main.m */ = {isa = PBXFileReference; lastKnownFileType = sourcecode.c.objc; path = main.m; sourceTree = "<group>"; };
		4B831DC024E4F2E8001D2023 /* hunan.txt */ = {isa = PBXFileReference; fileEncoding = 4; lastKnownFileType = text; path = hunan.txt; sourceTree = "<group>"; };
		4FFD838023ECFBE11D966043 /* libPods-gitDemo.a */ = {isa = PBXFileReference; explicitFileType = archive.ar; includeInIndex = 0; path = "libPods-gitDemo.a"; sourceTree = BUILT_PRODUCTS_DIR; };
		5AC230E4EF94A96191980BAB /* Pods-gitDemo.release.xcconfig */ = {isa = PBXFileReference; includeInIndex = 1; lastKnownFileType = text.xcconfig; name = "Pods-gitDemo.release.xcconfig"; path = "Target Support Files/Pods-gitDemo/Pods-gitDemo.release.xcconfig"; sourceTree = "<group>"; };
/* End PBXFileReference section */

/* Begin PBXFrameworksBuildPhase section */
		4B7EE76224E3EC1C00696862 /* Frameworks */ = {
			isa = PBXFrameworksBuildPhase;
			buildActionMask = 2147483647;
			files = (
				CAB69886B6D9FDE58719705D /* libPods-gitDemo.a in Frameworks */,
			);
			runOnlyForDeploymentPostprocessing = 0;
		};
/* End PBXFrameworksBuildPhase section */

/* Begin PBXGroup section */
		4B7EE75C24E3EC1C00696862 = {
			isa = PBXGroup;
			children = (
				4B7EE76724E3EC1C00696862 /* gitDemo */,
				4B7EE76624E3EC1C00696862 /* Products */,
				52441EC9385FE7C7D8D8DA7A /* Pods */,
				8170CF237672A7993B422F2E /* Frameworks */,
			);
			sourceTree = "<group>";
		};
		4B7EE76624E3EC1C00696862 /* Products */ = {
			isa = PBXGroup;
			children = (
				4B7EE76524E3EC1C00696862 /* gitDemo.app */,
			);
			name = Products;
			sourceTree = "<group>";
		};
		4B7EE76724E3EC1C00696862 /* gitDemo */ = {
			isa = PBXGroup;
			children = (
				4B831DC024E4F2E8001D2023 /* hunan.txt */,
				4B7EE76824E3EC1C00696862 /* AppDelegate.h */,
				4B7EE76924E3EC1C00696862 /* AppDelegate.m */,
				4B7EE76B24E3EC1C00696862 /* SceneDelegate.h */,
				4B7EE76C24E3EC1C00696862 /* SceneDelegate.m */,
				4B7EE76E24E3EC1C00696862 /* ViewController.h */,
				4B7EE76F24E3EC1C00696862 /* ViewController.m */,
				4B7EE77124E3EC1C00696862 /* Main.storyboard */,
				4B7EE77424E3EC2100696862 /* Assets.xcassets */,
				4B7EE77624E3EC2100696862 /* LaunchScreen.storyboard */,
				4B7EE77924E3EC2100696862 /* Info.plist */,
				4B7EE77A24E3EC2100696862 /* main.m */,
			);
			path = gitDemo;
			sourceTree = "<group>";
		};
		52441EC9385FE7C7D8D8DA7A /* Pods */ = {
			isa = PBXGroup;
			children = (
				0BB19EA6A486D25C6CD82822 /* Pods-gitDemo.debug.xcconfig */,
				5AC230E4EF94A96191980BAB /* Pods-gitDemo.release.xcconfig */,
			);
			name = Pods;
			path = Pods;
			sourceTree = "<group>";
		};
		8170CF237672A7993B422F2E /* Frameworks */ = {
			isa = PBXGroup;
			children = (
				4FFD838023ECFBE11D966043 /* libPods-gitDemo.a */,
			);
			name = Frameworks;
			sourceTree = "<group>";
		};
/* End PBXGroup section */

/* Begin PBXNativeTarget section */
		4B7EE76424E3EC1C00696862 /* gitDemo */ = {
			isa = PBXNativeTarget;
			buildConfigurationList = 4B7EE77E24E3EC2100696862 /* Build configuration list for PBXNativeTarget "gitDemo" */;
			buildPhases = (
				B7290641E1CD2D19705DDC5B /* [CP] Check Pods Manifest.lock */,
				4B7EE76124E3EC1C00696862 /* Sources */,
				4B7EE76224E3EC1C00696862 /* Frameworks */,
				4B7EE76324E3EC1C00696862 /* Resources */,
			);
			buildRules = (
			);
			dependencies = (
			);
			name = gitDemo;
			productName = gitDemo;
			productReference = 4B7EE76524E3EC1C00696862 /* gitDemo.app */;
			productType = "com.apple.product-type.application";
		};
/* End PBXNativeTarget section */

/* Begin PBXProject section */
		4B7EE75D24E3EC1C00696862 /* Project object */ = {
			isa = PBXProject;
			attributes = {
				LastUpgradeCheck = 1130;
				ORGANIZATIONNAME = zhangkai;
				TargetAttributes = {
					4B7EE76424E3EC1C00696862 = {
						CreatedOnToolsVersion = 11.3.1;
					};
				};
			};
			buildConfigurationList = 4B7EE76024E3EC1C00696862 /* Build configuration list for PBXProject "gitDemo" */;
			compatibilityVersion = "Xcode 9.3";
			developmentRegion = en;
			hasScannedForEncodings = 0;
			knownRegions = (
				en,
				Base,
			);
			mainGroup = 4B7EE75C24E3EC1C00696862;
			productRefGroup = 4B7EE76624E3EC1C00696862 /* Products */;
			projectDirPath = "";
			projectRoot = "";
			targets = (
				4B7EE76424E3EC1C00696862 /* gitDemo */,
			);
		};
/* End PBXProject section */

/* Begin PBXResourcesBuildPhase section */
		4B7EE76324E3EC1C00696862 /* Resources */ = {
			isa = PBXResourcesBuildPhase;
			buildActionMask = 2147483647;
			files = (
				4B7EE77824E3EC2100696862 /* LaunchScreen.storyboard in Resources */,
				4B831DC124E4F2E8001D2023 /* hunan.txt in Resources */,
				4B7EE77524E3EC2100696862 /* Assets.xcassets in Resources */,
				4B7EE77324E3EC1C00696862 /* Main.storyboard in Resources */,
			);
			runOnlyForDeploymentPostprocessing = 0;
		};
/* End PBXResourcesBuildPhase section */

/* Begin PBXShellScriptBuildPhase section */
		B7290641E1CD2D19705DDC5B /* [CP] Check Pods Manifest.lock */ = {
			isa = PBXShellScriptBuildPhase;
			buildActionMask = 2147483647;
			files = (
			);
			inputFileListPaths = (
			);
			inputPaths = (
				"${PODS_PODFILE_DIR_PATH}/Podfile.lock",
				"${PODS_ROOT}/Manifest.lock",
			);
			name = "[CP] Check Pods Manifest.lock";
			outputFileListPaths = (
			);
			outputPaths = (
				"$(DERIVED_FILE_DIR)/Pods-gitDemo-checkManifestLockResult.txt",
			);
			runOnlyForDeploymentPostprocessing = 0;
			shellPath = /bin/sh;
			shellScript = "diff \"${PODS_PODFILE_DIR_PATH}/Podfile.lock\" \"${PODS_ROOT}/Manifest.lock\" > /dev/null\nif [ $? != 0 ] ; then\n    # print error to STDERR\n    echo \"error: The sandbox is not in sync with the Podfile.lock. Run 'pod install' or update your CocoaPods installation.\" >&2\n    exit 1\nfi\n# This output is used by Xcode 'outputs' to avoid re-running this script phase.\necho \"SUCCESS\" > \"${SCRIPT_OUTPUT_FILE_0}\"\n";
			showEnvVarsInLog = 0;
		};
/* End PBXShellScriptBuildPhase section */

/* Begin PBXSourcesBuildPhase section */
		4B7EE76124E3EC1C00696862 /* Sources */ = {
			isa = PBXSourcesBuildPhase;
			buildActionMask = 2147483647;
			files = (
				4B7EE77024E3EC1C00696862 /* ViewController.m in Sources */,
				4B7EE76A24E3EC1C00696862 /* AppDelegate.m in Sources */,
				4B7EE77B24E3EC2100696862 /* main.m in Sources */,
				4B7EE76D24E3EC1C00696862 /* SceneDelegate.m in Sources */,
			);
			runOnlyForDeploymentPostprocessing = 0;
		};
/* End PBXSourcesBuildPhase section */

/* Begin PBXVariantGroup section */
		4B7EE77124E3EC1C00696862 /* Main.storyboard */ = {
			isa = PBXVariantGroup;
			children = (
				4B7EE77224E3EC1C00696862 /* Base */,
			);
			name = Main.storyboard;
			sourceTree = "<group>";
		};
		4B7EE77624E3EC2100696862 /* LaunchScreen.storyboard */ = {
			isa = PBXVariantGroup;
			children = (
				4B7EE77724E3EC2100696862 /* Base */,
			);
			name = LaunchScreen.storyboard;
			sourceTree = "<group>";
		};
/* End PBXVariantGroup section */

/* Begin XCBuildConfiguration section */
		4B7EE77C24E3EC2100696862 /* Debug */ = {
			isa = XCBuildConfiguration;
			buildSettings = {
				ALWAYS_SEARCH_USER_PATHS = NO;
				CLANG_ANALYZER_NONNULL = YES;
				CLANG_ANALYZER_NUMBER_OBJECT_CONVERSION = YES_AGGRESSIVE;
				CLANG_CXX_LANGUAGE_STANDARD = "gnu++14";
				CLANG_CXX_LIBRARY = "libc++";
				CLANG_ENABLE_MODULES = YES;
				CLANG_ENABLE_OBJC_ARC = YES;
				CLANG_ENABLE_OBJC_WEAK = YES;
				CLANG_WARN_BLOCK_CAPTURE_AUTORELEASING = YES;
				CLANG_WARN_BOOL_CONVERSION = YES;
				CLANG_WARN_COMMA = YES;
				CLANG_WARN_CONSTANT_CONVERSION = YES;
				CLANG_WARN_DEPRECATED_OBJC_IMPLEMENTATIONS = YES;
				CLANG_WARN_DIRECT_OBJC_ISA_USAGE = YES_ERROR;
				CLANG_WARN_DOCUMENTATION_COMMENTS = YES;
				CLANG_WARN_EMPTY_BODY = YES;
				CLANG_WARN_ENUM_CONVERSION = YES;
				CLANG_WARN_INFINITE_RECURSION = YES;
				CLANG_WARN_INT_CONVERSION = YES;
				CLANG_WARN_NON_LITERAL_NULL_CONVERSION = YES;
				CLANG_WARN_OBJC_IMPLICIT_RETAIN_SELF = YES;
				CLANG_WARN_OBJC_LITERAL_CONVERSION = YES;
				CLANG_WARN_OBJC_ROOT_CLASS = YES_ERROR;
				CLANG_WARN_RANGE_LOOP_ANALYSIS = YES;
				CLANG_WARN_STRICT_PROTOTYPES = YES;
				CLANG_WARN_SUSPICIOUS_MOVE = YES;
				CLANG_WARN_UNGUARDED_AVAILABILITY = YES_AGGRESSIVE;
				CLANG_WARN_UNREACHABLE_CODE = YES;
				CLANG_WARN__DUPLICATE_METHOD_MATCH = YES;
				COPY_PHASE_STRIP = NO;
				DEBUG_INFORMATION_FORMAT = dwarf;
				ENABLE_STRICT_OBJC_MSGSEND = YES;
				ENABLE_TESTABILITY = YES;
				GCC_C_LANGUAGE_STANDARD = gnu11;
				GCC_DYNAMIC_NO_PIC = NO;
				GCC_NO_COMMON_BLOCKS = YES;
				GCC_OPTIMIZATION_LEVEL = 0;
				GCC_PREPROCESSOR_DEFINITIONS = (
					"DEBUG=1",
					"$(inherited)",
				);
				GCC_WARN_64_TO_32_BIT_CONVERSION = YES;
				GCC_WARN_ABOUT_RETURN_TYPE = YES_ERROR;
				GCC_WARN_UNDECLARED_SELECTOR = YES;
				GCC_WARN_UNINITIALIZED_AUTOS = YES_AGGRESSIVE;
				GCC_WARN_UNUSED_FUNCTION = YES;
				GCC_WARN_UNUSED_VARIABLE = YES;
				IPHONEOS_DEPLOYMENT_TARGET = 13.2;
				MTL_ENABLE_DEBUG_INFO = INCLUDE_SOURCE;
				MTL_FAST_MATH = YES;
				ONLY_ACTIVE_ARCH = YES;
				SDKROOT = iphoneos;
			};
			name = Debug;
		};
		4B7EE77D24E3EC2100696862 /* Release */ = {
			isa = XCBuildConfiguration;
			buildSettings = {
				ALWAYS_SEARCH_USER_PATHS = NO;
				CLANG_ANALYZER_NONNULL = YES;
				CLANG_ANALYZER_NUMBER_OBJECT_CONVERSION = YES_AGGRESSIVE;
				CLANG_CXX_LANGUAGE_STANDARD = "gnu++14";
				CLANG_CXX_LIBRARY = "libc++";
				CLANG_ENABLE_MODULES = YES;
				CLANG_ENABLE_OBJC_ARC = YES;
				CLANG_ENABLE_OBJC_WEAK = YES;
				CLANG_WARN_BLOCK_CAPTURE_AUTORELEASING = YES;
				CLANG_WARN_BOOL_CONVERSION = YES;
				CLANG_WARN_COMMA = YES;
				CLANG_WARN_CONSTANT_CONVERSION = YES;
				CLANG_WARN_DEPRECATED_OBJC_IMPLEMENTATIONS = YES;
				CLANG_WARN_DIRECT_OBJC_ISA_USAGE = YES_ERROR;
				CLANG_WARN_DOCUMENTATION_COMMENTS = YES;
				CLANG_WARN_EMPTY_BODY = YES;
				CLANG_WARN_ENUM_CONVERSION = YES;
				CLANG_WARN_INFINITE_RECURSION = YES;
				CLANG_WARN_INT_CONVERSION = YES;
				CLANG_WARN_NON_LITERAL_NULL_CONVERSION = YES;
				CLANG_WARN_OBJC_IMPLICIT_RETAIN_SELF = YES;
				CLANG_WARN_OBJC_LITERAL_CONVERSION = YES;
				CLANG_WARN_OBJC_ROOT_CLASS = YES_ERROR;
				CLANG_WARN_RANGE_LOOP_ANALYSIS = YES;
				CLANG_WARN_STRICT_PROTOTYPES = YES;
				CLANG_WARN_SUSPICIOUS_MOVE = YES;
				CLANG_WARN_UNGUARDED_AVAILABILITY = YES_AGGRESSIVE;
				CLANG_WARN_UNREACHABLE_CODE = YES;
				CLANG_WARN__DUPLICATE_METHOD_MATCH = YES;
				COPY_PHASE_STRIP = NO;
				DEBUG_INFORMATION_FORMAT = "dwarf-with-dsym";
				ENABLE_NS_ASSERTIONS = NO;
				ENABLE_STRICT_OBJC_MSGSEND = YES;
				GCC_C_LANGUAGE_STANDARD = gnu11;
				GCC_NO_COMMON_BLOCKS = YES;
				GCC_WARN_64_TO_32_BIT_CONVERSION = YES;
				GCC_WARN_ABOUT_RETURN_TYPE = YES_ERROR;
				GCC_WARN_UNDECLARED_SELECTOR = YES;
				GCC_WARN_UNINITIALIZED_AUTOS = YES_AGGRESSIVE;
				GCC_WARN_UNUSED_FUNCTION = YES;
				GCC_WARN_UNUSED_VARIABLE = YES;
				IPHONEOS_DEPLOYMENT_TARGET = 13.2;
				MTL_ENABLE_DEBUG_INFO = NO;
				MTL_FAST_MATH = YES;
				SDKROOT = iphoneos;
				VALIDATE_PRODUCT = YES;
			};
			name = Release;
		};
		4B7EE77F24E3EC2100696862 /* Debug */ = {
			isa = XCBuildConfiguration;
			baseConfigurationReference = 0BB19EA6A486D25C6CD82822 /* Pods-gitDemo.debug.xcconfig */;
			buildSettings = {
				ASSETCATALOG_COMPILER_APPICON_NAME = AppIcon;
				CODE_SIGN_STYLE = Automatic;
				INFOPLIST_FILE = gitDemo/Info.plist;
				LD_RUNPATH_SEARCH_PATHS = (
					"$(inherited)",
					"@executable_path/Frameworks",
				);
				PRODUCT_BUNDLE_IDENTIFIER = marketSynergy.zhongjieneng.cn.gitDemo;
				PRODUCT_NAME = "$(TARGET_NAME)";
				TARGETED_DEVICE_FAMILY = "1,2";
			};
			name = Debug;
		};
		4B7EE78024E3EC2100696862 /* Release */ = {
			isa = XCBuildConfiguration;
			baseConfigurationReference = 5AC230E4EF94A96191980BAB /* Pods-gitDemo.release.xcconfig */;
			buildSettings = {
				ASSETCATALOG_COMPILER_APPICON_NAME = AppIcon;
				CODE_SIGN_STYLE = Automatic;
				INFOPLIST_FILE = gitDemo/Info.plist;
				LD_RUNPATH_SEARCH_PATHS = (
					"$(inherited)",
					"@executable_path/Frameworks",
				);
				PRODUCT_BUNDLE_IDENTIFIER = marketSynergy.zhongjieneng.cn.gitDemo;
				PRODUCT_NAME = "$(TARGET_NAME)";
				TARGETED_DEVICE_FAMILY = "1,2";
			};
			name = Release;
		};
/* End XCBuildConfiguration section */

/* Begin XCConfigurationList section */
		4B7EE76024E3EC1C00696862 /* Build configuration list for PBXProject "gitDemo" */ = {
			isa = XCConfigurationList;
			buildConfigurations = (
				4B7EE77C24E3EC2100696862 /* Debug */,
				4B7EE77D24E3EC2100696862 /* Release */,
			);
			defaultConfigurationIsVisible = 0;
			defaultConfigurationName = Release;
		};
		4B7EE77E24E3EC2100696862 /* Build configuration list for PBXNativeTarget "gitDemo" */ = {
			isa = XCConfigurationList;
			buildConfigurations = (
				4B7EE77F24E3EC2100696862 /* Debug */,
				4B7EE78024E3EC2100696862 /* Release */,
			);
			defaultConfigurationIsVisible = 0;
			defaultConfigurationName = Release;
		};
/* End XCConfigurationList section */
	};
	rootObject = 4B7EE75D24E3EC1C00696862 /* Project object */;
}
